
Microsoft Visual Studio Solution File, Format Version 12.00
# Visual Studio Version 17
VisualStudioVersion = 17.10.35122.118
MinimumVisualStudioVersion = 10.0.40219.1
Project("{9A19103F-16F7-4668-BE54-9A1E7A4F7556}") = "BallGames.Common", "BallGames.Common\BallGames.Common.csproj", "{1B53BDE2-50A3-4BA3-B0D3-3FBC482EAEA9}"
EndProject
Project("{9A19103F-16F7-4668-BE54-9A1E7A4F7556}") = "FruitNinjaWinForms", "FruitNinjaWinForms\FruitNinjaWinForms.csproj", "{02EB0DAD-F1D1-4CA3-98E5-61738868C8FE}"
EndProject
Global
	GlobalSection(SolutionConfigurationPlatforms) = preSolution
		Debug|Any CPU = Debug|Any CPU
		Release|Any CPU = Release|Any CPU
	EndGlobalSection
	GlobalSection(ProjectConfigurationPlatforms) = postSolution
		{1B53BDE2-50A3-4BA3-B0D3-3FBC482EAEA9}.Debug|Any CPU.ActiveCfg = Debug|Any CPU
		{1B53BDE2-50A3-4BA3-B0D3-3FBC482EAEA9}.Debug|Any CPU.Build.0 = Debug|Any CPU
		{1B53BDE2-50A3-4BA3-B0D3-3FBC482EAEA9}.Release|Any CPU.ActiveCfg = Release|Any CPU
		{1B53BDE2-50A3-4BA3-B0D3-3FBC482EAEA9}.Release|Any CPU.Build.0 = Release|Any CPU
		{02EB0DAD-F1D1-4CA3-98E5-61738868C8FE}.Debug|Any CPU.ActiveCfg = Debug|Any CPU
		{02EB0DAD-F1D1-4CA3-98E5-61738868C8FE}.Debug|Any CPU.Build.0 = Debug|Any CPU
		{02EB0DAD-F1D1-4CA3-98E5-61738868C8FE}.Release|Any CPU.ActiveCfg = Release|Any CPU
		{02EB0DAD-F1D1-4CA3-98E5-61738868C8FE}.Release|Any CPU.Build.0 = Release|Any CPU
	EndGlobalSection
	GlobalSection(SolutionProperties) = preSolution
		HideSolutionNode = FALSE
	EndGlobalSection
	GlobalSection(ExtensibilityGlobals) = postSolution
		SolutionGuid = {E187394D-C4B6-4895-AF72-1FAA92262296}
	EndGlobalSection
EndGlobal
